
Microsoft Visual Studio Solution File, Format Version 12.00
# Visual Studio 2012
Project("{E24C65DC-7377-472B-9ABA-BC803B73C61A}") = "NGDWebSite", "http://localhost:59940", "{3D4AC940-ADE3-4AF6-A8FC-3BE6C4CA1F29}"
	ProjectSection(WebsiteProperties) = preProject
		UseIISExpress = "true"
		TargetFrameworkMoniker = ".NETFramework,Version%3Dv4.5"
		Debug.AspNetCompiler.VirtualPath = "/localhost_59940"
		Debug.AspNetCompiler.PhysicalPath = "..\..\..\GitHub\NGDWebSite\"
		Debug.AspNetCompiler.TargetPath = "PrecompiledWeb\localhost_59940\"
		Debug.AspNetCompiler.Updateable = "true"
		Debug.AspNetCompiler.ForceOverwrite = "true"
		Debug.AspNetCompiler.FixedNames = "false"
		Debug.AspNetCompiler.Debug = "True"
		Release.AspNetCompiler.VirtualPath = "/localhost_59940"
		Release.AspNetCompiler.PhysicalPath = "..\..\..\GitHub\NGDWebSite\"
		Release.AspNetCompiler.TargetPath = "PrecompiledWeb\localhost_59940\"
		Release.AspNetCompiler.Updateable = "true"
		Release.AspNetCompiler.ForceOverwrite = "true"
		Release.AspNetCompiler.FixedNames = "false"
		Release.AspNetCompiler.Debug = "False"
		SlnRelativePath = "..\..\..\GitHub\NGDWebSite\"
		DefaultWebSiteLanguage = "Visual C#"
	EndProjectSection
EndProject
Global
	GlobalSection(SolutionConfigurationPlatforms) = preSolution
		Debug|Any CPU = Debug|Any CPU
	EndGlobalSection
	GlobalSection(ProjectConfigurationPlatforms) = postSolution
		{3D4AC940-ADE3-4AF6-A8FC-3BE6C4CA1F29}.Debug|Any CPU.ActiveCfg = Debug|Any CPU
		{3D4AC940-ADE3-4AF6-A8FC-3BE6C4CA1F29}.Debug|Any CPU.Build.0 = Debug|Any CPU
	EndGlobalSection
	GlobalSection(SolutionProperties) = preSolution
		HideSolutionNode = FALSE
	EndGlobalSection
EndGlobal
